
Microsoft Visual Studio Solution File, Format Version 12.00
# Visual Studio Version 16
VisualStudioVersion = 16.0.30621.155
MinimumVisualStudioVersion = 10.0.40219.1
Project("{2150E333-8FDC-42A3-9474-1A3956D46DE8}") = "Homework_01", "Homework_01", "{B3BE48B6-D5CD-437C-BE2F-AA0A1D5D2770}"
EndProject
Project("{FAE04EC0-301F-11D3-BF4B-00C04F79EFBC}") = "Homework_01", "Homework_01\Homework_01.csproj", "{AC3DD64B-9956-4392-BFAB-B3BE69D8B477}"
EndProject
Project("{2150E333-8FDC-42A3-9474-1A3956D46DE8}") = "Homework_02", "Homework_02", "{DCF592A2-6591-4E09-BC06-B6F043BE4E7C}"
EndProject
Project("{FAE04EC0-301F-11D3-BF4B-00C04F79EFBC}") = "Homework_02", "Homework_02\Homework_02.csproj", "{2D90115A-4348-4AC5-94D4-5661E45D192E}"
EndProject
Project("{2150E333-8FDC-42A3-9474-1A3956D46DE8}") = "Homework_03", "Homework_03", "{6C9E852D-23F9-49F8-8E93-C71A86352979}"
EndProject
Project("{FAE04EC0-301F-11D3-BF4B-00C04F79EFBC}") = "Homework_03", "Homework_03\Homework_03.csproj", "{4E4A4D9D-D317-4A82-BD31-909307EC01D6}"
EndProject
Project("{2150E333-8FDC-42A3-9474-1A3956D46DE8}") = "Homework_04", "Homework_04", "{F5623FCF-31BC-4090-A4CE-DCD66B824244}"
EndProject
Project("{FAE04EC0-301F-11D3-BF4B-00C04F79EFBC}") = "Homework_04", "Homework_04\Homework_04.csproj", "{B09E842F-D3DC-4596-AEDC-8190B4AB10EB}"
EndProject
Project("{2150E333-8FDC-42A3-9474-1A3956D46DE8}") = "Homework_05", "Homework_05", "{8DB162A8-F54C-414D-B35E-A0FFEB6559F9}"
EndProject
Project("{FAE04EC0-301F-11D3-BF4B-00C04F79EFBC}") = "Homework_05", "Homework_05\Homework_05.csproj", "{128695E7-D66F-4A02-B68C-8B48239384C3}"
EndProject
Global
	GlobalSection(SolutionConfigurationPlatforms) = preSolution
		Debug|Any CPU = Debug|Any CPU
		Release|Any CPU = Release|Any CPU
	EndGlobalSection
	GlobalSection(ProjectConfigurationPlatforms) = postSolution
		{AC3DD64B-9956-4392-BFAB-B3BE69D8B477}.Debug|Any CPU.ActiveCfg = Debug|Any CPU
		{AC3DD64B-9956-4392-BFAB-B3BE69D8B477}.Debug|Any CPU.Build.0 = Debug|Any CPU
		{AC3DD64B-9956-4392-BFAB-B3BE69D8B477}.Release|Any CPU.ActiveCfg = Release|Any CPU
		{AC3DD64B-9956-4392-BFAB-B3BE69D8B477}.Release|Any CPU.Build.0 = Release|Any CPU
		{2D90115A-4348-4AC5-94D4-5661E45D192E}.Debug|Any CPU.ActiveCfg = Debug|Any CPU
		{2D90115A-4348-4AC5-94D4-5661E45D192E}.Debug|Any CPU.Build.0 = Debug|Any CPU
		{2D90115A-4348-4AC5-94D4-5661E45D192E}.Release|Any CPU.ActiveCfg = Release|Any CPU
		{2D90115A-4348-4AC5-94D4-5661E45D192E}.Release|Any CPU.Build.0 = Release|Any CPU
		{4E4A4D9D-D317-4A82-BD31-909307EC01D6}.Debug|Any CPU.ActiveCfg = Debug|Any CPU
		{4E4A4D9D-D317-4A82-BD31-909307EC01D6}.Debug|Any CPU.Build.0 = Debug|Any CPU
		{4E4A4D9D-D317-4A82-BD31-909307EC01D6}.Release|Any CPU.ActiveCfg = Release|Any CPU
		{4E4A4D9D-D317-4A82-BD31-909307EC01D6}.Release|Any CPU.Build.0 = Release|Any CPU
		{B09E842F-D3DC-4596-AEDC-8190B4AB10EB}.Debug|Any CPU.ActiveCfg = Debug|Any CPU
		{B09E842F-D3DC-4596-AEDC-8190B4AB10EB}.Debug|Any CPU.Build.0 = Debug|Any CPU
		{B09E842F-D3DC-4596-AEDC-8190B4AB10EB}.Release|Any CPU.ActiveCfg = Release|Any CPU
		{B09E842F-D3DC-4596-AEDC-8190B4AB10EB}.Release|Any CPU.Build.0 = Release|Any CPU
		{128695E7-D66F-4A02-B68C-8B48239384C3}.Debug|Any CPU.ActiveCfg = Debug|Any CPU
		{128695E7-D66F-4A02-B68C-8B48239384C3}.Debug|Any CPU.Build.0 = Debug|Any CPU
		{128695E7-D66F-4A02-B68C-8B48239384C3}.Release|Any CPU.ActiveCfg = Release|Any CPU
		{128695E7-D66F-4A02-B68C-8B48239384C3}.Release|Any CPU.Build.0 = Release|Any CPU
	EndGlobalSection
	GlobalSection(SolutionProperties) = preSolution
		HideSolutionNode = FALSE
	EndGlobalSection
	GlobalSection(NestedProjects) = preSolution
		{AC3DD64B-9956-4392-BFAB-B3BE69D8B477} = {B3BE48B6-D5CD-437C-BE2F-AA0A1D5D2770}
		{2D90115A-4348-4AC5-94D4-5661E45D192E} = {DCF592A2-6591-4E09-BC06-B6F043BE4E7C}
		{4E4A4D9D-D317-4A82-BD31-909307EC01D6} = {6C9E852D-23F9-49F8-8E93-C71A86352979}
		{B09E842F-D3DC-4596-AEDC-8190B4AB10EB} = {F5623FCF-31BC-4090-A4CE-DCD66B824244}
		{128695E7-D66F-4A02-B68C-8B48239384C3} = {8DB162A8-F54C-414D-B35E-A0FFEB6559F9}
	EndGlobalSection
	GlobalSection(ExtensibilityGlobals) = postSolution
		SolutionGuid = {0B747C44-AA59-4DCB-9F9B-B96B9BDDF7AC}
	EndGlobalSection
EndGlobal
